
Microsoft Visual Studio Solution File, Format Version 12.00
# Visual Studio Version 17
VisualStudioVersion = 17.0.31903.59
MinimumVisualStudioVersion = 10.0.40219.1
Project("{9A19103F-16F7-4668-BE54-9A1E7A4F7556}") = "ConsoleReceiverExtensionAppSBC", "ConsoleReceiverExtensionAppSBC\ConsoleReceiverExtensionAppSBC.csproj", "{8E149282-44D4-4CB0-85A0-6E5F2DF2E82B}"
EndProject
Project("{9A19103F-16F7-4668-BE54-9A1E7A4F7556}") = "DTOLibrary", "..\..\DTO\DTOLibrary\DTOLibrary\DTOLibrary.csproj", "{31C153F9-E354-4392-9431-6EDEC74E40AA}"
EndProject
Project("{9A19103F-16F7-4668-BE54-9A1E7A4F7556}") = "FunctionAppTest31", "FunctionAppTest31\FunctionAppTest31.csproj", "{32A56576-EB58-422E-929F-CEB47DDA47BA}"
EndProject
Project("{9A19103F-16F7-4668-BE54-9A1E7A4F7556}") = "SampleApp", "SampleApp\SampleApp.csproj", "{B32619E3-504D-4BF1-ABA6-5902A5BCB9B5}"
EndProject
Project("{9A19103F-16F7-4668-BE54-9A1E7A4F7556}") = "FunctionAppTest6", "FunctionAppTest6\FunctionAppTest6.csproj", "{FCF2A076-3384-4CD3-97B1-0A7A7B739E1D}"
EndProject
Project("{9A19103F-16F7-4668-BE54-9A1E7A4F7556}") = "FunctionAppTest6Isolated", "FunctionAppTest6Isolated\FunctionAppTest6Isolated.csproj", "{C3722F99-2FCC-4846-8DDB-605FC0280DBB}"
EndProject
Global
	GlobalSection(SolutionConfigurationPlatforms) = preSolution
		Debug|Any CPU = Debug|Any CPU
		Release|Any CPU = Release|Any CPU
	EndGlobalSection
	GlobalSection(ProjectConfigurationPlatforms) = postSolution
		{8E149282-44D4-4CB0-85A0-6E5F2DF2E82B}.Debug|Any CPU.ActiveCfg = Debug|Any CPU
		{8E149282-44D4-4CB0-85A0-6E5F2DF2E82B}.Debug|Any CPU.Build.0 = Debug|Any CPU
		{8E149282-44D4-4CB0-85A0-6E5F2DF2E82B}.Release|Any CPU.ActiveCfg = Release|Any CPU
		{8E149282-44D4-4CB0-85A0-6E5F2DF2E82B}.Release|Any CPU.Build.0 = Release|Any CPU
		{31C153F9-E354-4392-9431-6EDEC74E40AA}.Debug|Any CPU.ActiveCfg = Debug|Any CPU
		{31C153F9-E354-4392-9431-6EDEC74E40AA}.Debug|Any CPU.Build.0 = Debug|Any CPU
		{31C153F9-E354-4392-9431-6EDEC74E40AA}.Release|Any CPU.ActiveCfg = Release|Any CPU
		{31C153F9-E354-4392-9431-6EDEC74E40AA}.Release|Any CPU.Build.0 = Release|Any CPU
		{32A56576-EB58-422E-929F-CEB47DDA47BA}.Debug|Any CPU.ActiveCfg = Debug|Any CPU
		{32A56576-EB58-422E-929F-CEB47DDA47BA}.Debug|Any CPU.Build.0 = Debug|Any CPU
		{32A56576-EB58-422E-929F-CEB47DDA47BA}.Release|Any CPU.ActiveCfg = Release|Any CPU
		{32A56576-EB58-422E-929F-CEB47DDA47BA}.Release|Any CPU.Build.0 = Release|Any CPU
		{B32619E3-504D-4BF1-ABA6-5902A5BCB9B5}.Debug|Any CPU.ActiveCfg = Debug|Any CPU
		{B32619E3-504D-4BF1-ABA6-5902A5BCB9B5}.Debug|Any CPU.Build.0 = Debug|Any CPU
		{B32619E3-504D-4BF1-ABA6-5902A5BCB9B5}.Release|Any CPU.ActiveCfg = Release|Any CPU
		{B32619E3-504D-4BF1-ABA6-5902A5BCB9B5}.Release|Any CPU.Build.0 = Release|Any CPU
		{FCF2A076-3384-4CD3-97B1-0A7A7B739E1D}.Debug|Any CPU.ActiveCfg = Debug|Any CPU
		{FCF2A076-3384-4CD3-97B1-0A7A7B739E1D}.Debug|Any CPU.Build.0 = Debug|Any CPU
		{FCF2A076-3384-4CD3-97B1-0A7A7B739E1D}.Release|Any CPU.ActiveCfg = Release|Any CPU
		{FCF2A076-3384-4CD3-97B1-0A7A7B739E1D}.Release|Any CPU.Build.0 = Release|Any CPU
		{C3722F99-2FCC-4846-8DDB-605FC0280DBB}.Debug|Any CPU.ActiveCfg = Debug|Any CPU
		{C3722F99-2FCC-4846-8DDB-605FC0280DBB}.Debug|Any CPU.Build.0 = Debug|Any CPU
		{C3722F99-2FCC-4846-8DDB-605FC0280DBB}.Release|Any CPU.ActiveCfg = Release|Any CPU
		{C3722F99-2FCC-4846-8DDB-605FC0280DBB}.Release|Any CPU.Build.0 = Release|Any CPU
	EndGlobalSection
	GlobalSection(SolutionProperties) = preSolution
		HideSolutionNode = FALSE
	EndGlobalSection
	GlobalSection(ExtensibilityGlobals) = postSolution
		SolutionGuid = {13685234-F82D-4951-A4F3-D4A1B4D67C38}
	EndGlobalSection
EndGlobal
