
Microsoft Visual Studio Solution File, Format Version 12.00
# Visual Studio Version 16
VisualStudioVersion = 16.0.29609.76
MinimumVisualStudioVersion = 10.0.40219.1
Project("{9A19103F-16F7-4668-BE54-9A1E7A4F7556}") = "ConsoleTopicReceicerExtensionAppSBC", "ConsoleTopicReceicerExtensionAppSBC\ConsoleTopicReceicerExtensionAppSBC.csproj", "{49C4BC46-7F4F-4A92-A8C4-18F31458DDF2}"
EndProject
Project("{9A19103F-16F7-4668-BE54-9A1E7A4F7556}") = "DTOLibrary", "..\..\DTO\DTOLibrary\DTOLibrary\DTOLibrary.csproj", "{E9FD3A3F-4732-4870-B99E-BC6FCAA26251}"
EndProject
Global
	GlobalSection(SolutionConfigurationPlatforms) = preSolution
		Debug|Any CPU = Debug|Any CPU
		Release|Any CPU = Release|Any CPU
	EndGlobalSection
	GlobalSection(ProjectConfigurationPlatforms) = postSolution
		{49C4BC46-7F4F-4A92-A8C4-18F31458DDF2}.Debug|Any CPU.ActiveCfg = Debug|Any CPU
		{49C4BC46-7F4F-4A92-A8C4-18F31458DDF2}.Debug|Any CPU.Build.0 = Debug|Any CPU
		{49C4BC46-7F4F-4A92-A8C4-18F31458DDF2}.Release|Any CPU.ActiveCfg = Release|Any CPU
		{49C4BC46-7F4F-4A92-A8C4-18F31458DDF2}.Release|Any CPU.Build.0 = Release|Any CPU
		{E9FD3A3F-4732-4870-B99E-BC6FCAA26251}.Debug|Any CPU.ActiveCfg = Debug|Any CPU
		{E9FD3A3F-4732-4870-B99E-BC6FCAA26251}.Debug|Any CPU.Build.0 = Debug|Any CPU
		{E9FD3A3F-4732-4870-B99E-BC6FCAA26251}.Release|Any CPU.ActiveCfg = Release|Any CPU
		{E9FD3A3F-4732-4870-B99E-BC6FCAA26251}.Release|Any CPU.Build.0 = Release|Any CPU
	EndGlobalSection
	GlobalSection(SolutionProperties) = preSolution
		HideSolutionNode = FALSE
	EndGlobalSection
	GlobalSection(ExtensibilityGlobals) = postSolution
		SolutionGuid = {91BAD598-A317-4301-B6FE-E3EEE3E2210B}
	EndGlobalSection
EndGlobal
